
Microsoft Visual Studio Solution File, Format Version 12.00
# Visual Studio 15
VisualStudioVersion = 15.0.27428.2002
MinimumVisualStudioVersion = 10.0.40219.1
Project("{FAE04EC0-301F-11D3-BF4B-00C04F79EFBC}") = "FCMFirstTest", "FCMFirstTest\FCMFirstTest.csproj", "{B9DCD400-828A-414B-B54C-055F5D5506AE}"
EndProject
Global
	GlobalSection(SolutionConfigurationPlatforms) = preSolution
		Debug|Any CPU = Debug|Any CPU
		Release|Any CPU = Release|Any CPU
	EndGlobalSection
	GlobalSection(ProjectConfigurationPlatforms) = postSolution
		{B9DCD400-828A-414B-B54C-055F5D5506AE}.Debug|Any CPU.ActiveCfg = Debug|Any CPU
		{B9DCD400-828A-414B-B54C-055F5D5506AE}.Debug|Any CPU.Build.0 = Debug|Any CPU
		{B9DCD400-828A-414B-B54C-055F5D5506AE}.Debug|Any CPU.Deploy.0 = Debug|Any CPU
		{B9DCD400-828A-414B-B54C-055F5D5506AE}.Release|Any CPU.ActiveCfg = Release|Any CPU
		{B9DCD400-828A-414B-B54C-055F5D5506AE}.Release|Any CPU.Build.0 = Release|Any CPU
		{B9DCD400-828A-414B-B54C-055F5D5506AE}.Release|Any CPU.Deploy.0 = Release|Any CPU
	EndGlobalSection
	GlobalSection(SolutionProperties) = preSolution
		HideSolutionNode = FALSE
	EndGlobalSection
	GlobalSection(ExtensibilityGlobals) = postSolution
		SolutionGuid = {97514374-5B61-4465-A449-DB89248F9092}
	EndGlobalSection
EndGlobal
